// !$*UTF8*$!
{
	archiveVersion = 1;
	classes = {
	};
	objectVersion = 46;
	objects = {

/* Begin PBXBuildFile section */
		981523A61EBEF3AB002E4F66 /* Alamofire.framework in Frameworks */ = {isa = PBXBuildFile; fileRef = 981523A31EBEF3AB002E4F66 /* Alamofire.framework */; };
		981523A71EBEF3AB002E4F66 /* SQLite.framework in Frameworks */ = {isa = PBXBuildFile; fileRef = 981523A41EBEF3AB002E4F66 /* SQLite.framework */; };
		981523A81EBEF3AB002E4F66 /* SwiftyJSON.framework in Frameworks */ = {isa = PBXBuildFile; fileRef = 981523A51EBEF3AB002E4F66 /* SwiftyJSON.framework */; };
		981E78421EBF0040004357E8 /* CuDatabase.swift in Sources */ = {isa = PBXBuildFile; fileRef = 981E78411EBF0040004357E8 /* CuDatabase.swift */; };
		981E78441EBF0374004357E8 /* Contact.swift in Sources */ = {isa = PBXBuildFile; fileRef = 981E78431EBF0374004357E8 /* Contact.swift */; };
		981E78481EBF212E004357E8 /* ChatViewController.swift in Sources */ = {isa = PBXBuildFile; fileRef = 981E78471EBF212E004357E8 /* ChatViewController.swift */; };
		983188D41EBDC2C400FE2820 /* Podfile in Resources */ = {isa = PBXBuildFile; fileRef = 983188D31EBDC2C400FE2820 /* Podfile */; };
		983188D61EBDD64400FE2820 /* TableViewController.swift in Sources */ = {isa = PBXBuildFile; fileRef = 983188D51EBDD64400FE2820 /* TableViewController.swift */; };
		988307211EBD7BDD006D837A /* AppDelegate.swift in Sources */ = {isa = PBXBuildFile; fileRef = 988307201EBD7BDD006D837A /* AppDelegate.swift */; };
		988307231EBD7BDD006D837A /* ViewController.swift in Sources */ = {isa = PBXBuildFile; fileRef = 988307221EBD7BDD006D837A /* ViewController.swift */; };
		988307261EBD7BDD006D837A /* Main.storyboard in Resources */ = {isa = PBXBuildFile; fileRef = 988307241EBD7BDD006D837A /* Main.storyboard */; };
		988307281EBD7BDD006D837A /* Assets.xcassets in Resources */ = {isa = PBXBuildFile; fileRef = 988307271EBD7BDD006D837A /* Assets.xcassets */; };
		9883072B1EBD7BDD006D837A /* LaunchScreen.storyboard in Resources */ = {isa = PBXBuildFile; fileRef = 988307291EBD7BDD006D837A /* LaunchScreen.storyboard */; };
		988307361EBD7BDD006D837A /* CUChatTests.swift in Sources */ = {isa = PBXBuildFile; fileRef = 988307351EBD7BDD006D837A /* CUChatTests.swift */; };
		988307411EBD7BDD006D837A /* CUChatUITests.swift in Sources */ = {isa = PBXBuildFile; fileRef = 988307401EBD7BDD006D837A /* CUChatUITests.swift */; };
		98F1ABB41EBE161E001C2F14 /* SearchTableViewController.swift in Sources */ = {isa = PBXBuildFile; fileRef = 98F1ABB31EBE161E001C2F14 /* SearchTableViewController.swift */; };
		E8F5ABDADD3679EF948846EB /* Pods_CUChat.framework in Frameworks */ = {isa = PBXBuildFile; fileRef = 03186CA717C01ABFDA9EDBEB /* Pods_CUChat.framework */; };
/* End PBXBuildFile section */

/* Begin PBXContainerItemProxy section */
		988307321EBD7BDD006D837A /* PBXContainerItemProxy */ = {
			isa = PBXContainerItemProxy;
			containerPortal = 988307151EBD7BDD006D837A /* Project object */;
			proxyType = 1;
			remoteGlobalIDString = 9883071C1EBD7BDD006D837A;
			remoteInfo = CUChat;
		};
		9883073D1EBD7BDD006D837A /* PBXContainerItemProxy */ = {
			isa = PBXContainerItemProxy;
			containerPortal = 988307151EBD7BDD006D837A /* Project object */;
			proxyType = 1;
			remoteGlobalIDString = 9883071C1EBD7BDD006D837A;
			remoteInfo = CUChat;
		};
/* End PBXContainerItemProxy section */

/* Begin PBXFileReference section */
		03186CA717C01ABFDA9EDBEB /* Pods_CUChat.framework */ = {isa = PBXFileReference; explicitFileType = wrapper.framework; includeInIndex = 0; path = Pods_CUChat.framework; sourceTree = BUILT_PRODUCTS_DIR; };
		1095DE4E351643A0BE634293 /* Pods-CUChat.debug.xcconfig */ = {isa = PBXFileReference; includeInIndex = 1; lastKnownFileType = text.xcconfig; name = "Pods-CUChat.debug.xcconfig"; path = "Pods/Target Support Files/Pods-CUChat/Pods-CUChat.debug.xcconfig"; sourceTree = "<group>"; };
		946A3B8ED6F44EB7186990DD /* Pods-CUChat.release.xcconfig */ = {isa = PBXFileReference; includeInIndex = 1; lastKnownFileType = text.xcconfig; name = "Pods-CUChat.release.xcconfig"; path = "Pods/Target Support Files/Pods-CUChat/Pods-CUChat.release.xcconfig"; sourceTree = "<group>"; };
		9815239F1EBEEE6A002E4F66 /* SQLite.framework */ = {isa = PBXFileReference; lastKnownFileType = wrapper.framework; name = SQLite.framework; path = "../../../Library/Developer/Xcode/DerivedData/CUChat-evfibgjqagalllcyigdwidvkijsw/Build/Products/Debug-iphonesimulator/SQLite.swift/SQLite.framework"; sourceTree = "<group>"; };
		981523A11EBEF25B002E4F66 /* libsqlite3.tbd */ = {isa = PBXFileReference; lastKnownFileType = "sourcecode.text-based-dylib-definition"; name = libsqlite3.tbd; path = usr/lib/libsqlite3.tbd; sourceTree = SDKROOT; };
		981523A31EBEF3AB002E4F66 /* Alamofire.framework */ = {isa = PBXFileReference; lastKnownFileType = wrapper.framework; name = Alamofire.framework; path = "Pods/../build/Release-iphoneos/Alamofire/Alamofire.framework"; sourceTree = "<group>"; };
		981523A41EBEF3AB002E4F66 /* SQLite.framework */ = {isa = PBXFileReference; lastKnownFileType = wrapper.framework; name = SQLite.framework; path = "Pods/../build/Release-iphoneos/SQLite.swift/SQLite.framework"; sourceTree = "<group>"; };
		981523A51EBEF3AB002E4F66 /* SwiftyJSON.framework */ = {isa = PBXFileReference; lastKnownFileType = wrapper.framework; name = SwiftyJSON.framework; path = "Pods/../build/Release-iphoneos/SwiftyJSON/SwiftyJSON.framework"; sourceTree = "<group>"; };
		981E78411EBF0040004357E8 /* CuDatabase.swift */ = {isa = PBXFileReference; fileEncoding = 4; lastKnownFileType = sourcecode.swift; path = CuDatabase.swift; sourceTree = "<group>"; };
		981E78431EBF0374004357E8 /* Contact.swift */ = {isa = PBXFileReference; fileEncoding = 4; lastKnownFileType = sourcecode.swift; path = Contact.swift; sourceTree = "<group>"; };
		981E78471EBF212E004357E8 /* ChatViewController.swift */ = {isa = PBXFileReference; fileEncoding = 4; lastKnownFileType = sourcecode.swift; path = ChatViewController.swift; sourceTree = "<group>"; };
		983188D11EBDBCEB00FE2820 /* Alamofire.framework */ = {isa = PBXFileReference; lastKnownFileType = wrapper.framework; name = Alamofire.framework; path = "../../../Library/Developer/Xcode/DerivedData/CUChat-evfibgjqagalllcyigdwidvkijsw/Build/Products/Debug-iphonesimulator/Alamofire/Alamofire.framework"; sourceTree = "<group>"; };
		983188D31EBDC2C400FE2820 /* Podfile */ = {isa = PBXFileReference; fileEncoding = 4; lastKnownFileType = text; path = Podfile; sourceTree = "<group>"; xcLanguageSpecificationIdentifier = xcode.lang.ruby; };
		983188D51EBDD64400FE2820 /* TableViewController.swift */ = {isa = PBXFileReference; fileEncoding = 4; lastKnownFileType = sourcecode.swift; path = TableViewController.swift; sourceTree = "<group>"; };
		9883071D1EBD7BDD006D837A /* CUChat.app */ = {isa = PBXFileReference; explicitFileType = wrapper.application; includeInIndex = 0; path = CUChat.app; sourceTree = BUILT_PRODUCTS_DIR; };
		988307201EBD7BDD006D837A /* AppDelegate.swift */ = {isa = PBXFileReference; lastKnownFileType = sourcecode.swift; path = AppDelegate.swift; sourceTree = "<group>"; };
		988307221EBD7BDD006D837A /* ViewController.swift */ = {isa = PBXFileReference; lastKnownFileType = sourcecode.swift; path = ViewController.swift; sourceTree = "<group>"; };
		988307251EBD7BDD006D837A /* Base */ = {isa = PBXFileReference; lastKnownFileType = file.storyboard; name = Base; path = Base.lproj/Main.storyboard; sourceTree = "<group>"; };
		988307271EBD7BDD006D837A /* Assets.xcassets */ = {isa = PBXFileReference; lastKnownFileType = folder.assetcatalog; path = Assets.xcassets; sourceTree = "<group>"; };
		9883072A1EBD7BDD006D837A /* Base */ = {isa = PBXFileReference; lastKnownFileType = file.storyboard; name = Base; path = Base.lproj/LaunchScreen.storyboard; sourceTree = "<group>"; };
		9883072C1EBD7BDD006D837A /* Info.plist */ = {isa = PBXFileReference; lastKnownFileType = text.plist.xml; path = Info.plist; sourceTree = "<group>"; };
		988307311EBD7BDD006D837A /* CUChatTests.xctest */ = {isa = PBXFileReference; explicitFileType = wrapper.cfbundle; includeInIndex = 0; path = CUChatTests.xctest; sourceTree = BUILT_PRODUCTS_DIR; };
		988307351EBD7BDD006D837A /* CUChatTests.swift */ = {isa = PBXFileReference; lastKnownFileType = sourcecode.swift; path = CUChatTests.swift; sourceTree = "<group>"; };
		988307371EBD7BDD006D837A /* Info.plist */ = {isa = PBXFileReference; lastKnownFileType = text.plist.xml; path = Info.plist; sourceTree = "<group>"; };
		9883073C1EBD7BDD006D837A /* CUChatUITests.xctest */ = {isa = PBXFileReference; explicitFileType = wrapper.cfbundle; includeInIndex = 0; path = CUChatUITests.xctest; sourceTree = BUILT_PRODUCTS_DIR; };
		988307401EBD7BDD006D837A /* CUChatUITests.swift */ = {isa = PBXFileReference; lastKnownFileType = sourcecode.swift; path = CUChatUITests.swift; sourceTree = "<group>"; };
		988307421EBD7BDD006D837A /* Info.plist */ = {isa = PBXFileReference; lastKnownFileType = text.plist.xml; path = Info.plist; sourceTree = "<group>"; };
		98F1ABB31EBE161E001C2F14 /* SearchTableViewController.swift */ = {isa = PBXFileReference; fileEncoding = 4; lastKnownFileType = sourcecode.swift; path = SearchTableViewController.swift; sourceTree = "<group>"; };
/* End PBXFileReference section */

/* Begin PBXFrameworksBuildPhase section */
		9883071A1EBD7BDD006D837A /* Frameworks */ = {
			isa = PBXFrameworksBuildPhase;
			buildActionMask = 2147483647;
			files = (
				981523A61EBEF3AB002E4F66 /* Alamofire.framework in Frameworks */,
				981523A71EBEF3AB002E4F66 /* SQLite.framework in Frameworks */,
				981523A81EBEF3AB002E4F66 /* SwiftyJSON.framework in Frameworks */,
				E8F5ABDADD3679EF948846EB /* Pods_CUChat.framework in Frameworks */,
			);
			runOnlyForDeploymentPostprocessing = 0;
		};
		9883072E1EBD7BDD006D837A /* Frameworks */ = {
			isa = PBXFrameworksBuildPhase;
			buildActionMask = 2147483647;
			files = (
			);
			runOnlyForDeploymentPostprocessing = 0;
		};
		988307391EBD7BDD006D837A /* Frameworks */ = {
			isa = PBXFrameworksBuildPhase;
			buildActionMask = 2147483647;
			files = (
			);
			runOnlyForDeploymentPostprocessing = 0;
		};
/* End PBXFrameworksBuildPhase section */

/* Begin PBXGroup section */
		19A01582323DBF2907FFEBC4 /* Pods */ = {
			isa = PBXGroup;
			children = (
				1095DE4E351643A0BE634293 /* Pods-CUChat.debug.xcconfig */,
				946A3B8ED6F44EB7186990DD /* Pods-CUChat.release.xcconfig */,
			);
			name = Pods;
			sourceTree = "<group>";
		};
		4798970B0CCC7D5A22EE991E /* Frameworks */ = {
			isa = PBXGroup;
			children = (
				981523A31EBEF3AB002E4F66 /* Alamofire.framework */,
				981523A41EBEF3AB002E4F66 /* SQLite.framework */,
				981523A51EBEF3AB002E4F66 /* SwiftyJSON.framework */,
				981523A11EBEF25B002E4F66 /* libsqlite3.tbd */,
				9815239F1EBEEE6A002E4F66 /* SQLite.framework */,
				983188D11EBDBCEB00FE2820 /* Alamofire.framework */,
				03186CA717C01ABFDA9EDBEB /* Pods_CUChat.framework */,
			);
			name = Frameworks;
			sourceTree = "<group>";
		};
		988307141EBD7BDD006D837A = {
			isa = PBXGroup;
			children = (
				983188D31EBDC2C400FE2820 /* Podfile */,
				9883071F1EBD7BDD006D837A /* CUChat */,
				988307341EBD7BDD006D837A /* CUChatTests */,
				9883073F1EBD7BDD006D837A /* CUChatUITests */,
				9883071E1EBD7BDD006D837A /* Products */,
				19A01582323DBF2907FFEBC4 /* Pods */,
				4798970B0CCC7D5A22EE991E /* Frameworks */,
			);
			sourceTree = "<group>";
		};
		9883071E1EBD7BDD006D837A /* Products */ = {
			isa = PBXGroup;
			children = (
				9883071D1EBD7BDD006D837A /* CUChat.app */,
				988307311EBD7BDD006D837A /* CUChatTests.xctest */,
				9883073C1EBD7BDD006D837A /* CUChatUITests.xctest */,
			);
			name = Products;
			sourceTree = "<group>";
		};
		9883071F1EBD7BDD006D837A /* CUChat */ = {
			isa = PBXGroup;
			children = (
				988307201EBD7BDD006D837A /* AppDelegate.swift */,
				988307221EBD7BDD006D837A /* ViewController.swift */,
				988307241EBD7BDD006D837A /* Main.storyboard */,
				988307271EBD7BDD006D837A /* Assets.xcassets */,
				988307291EBD7BDD006D837A /* LaunchScreen.storyboard */,
				9883072C1EBD7BDD006D837A /* Info.plist */,
				983188D51EBDD64400FE2820 /* TableViewController.swift */,
				98F1ABB31EBE161E001C2F14 /* SearchTableViewController.swift */,
				981E78411EBF0040004357E8 /* CuDatabase.swift */,
				981E78431EBF0374004357E8 /* Contact.swift */,
				981E78471EBF212E004357E8 /* ChatViewController.swift */,
			);
			path = CUChat;
			sourceTree = "<group>";
		};
		988307341EBD7BDD006D837A /* CUChatTests */ = {
			isa = PBXGroup;
			children = (
				988307351EBD7BDD006D837A /* CUChatTests.swift */,
				988307371EBD7BDD006D837A /* Info.plist */,
			);
			path = CUChatTests;
			sourceTree = "<group>";
		};
		9883073F1EBD7BDD006D837A /* CUChatUITests */ = {
			isa = PBXGroup;
			children = (
				988307401EBD7BDD006D837A /* CUChatUITests.swift */,
				988307421EBD7BDD006D837A /* Info.plist */,
			);
			path = CUChatUITests;
			sourceTree = "<group>";
		};
/* End PBXGroup section */

/* Begin PBXNativeTarget section */
		9883071C1EBD7BDD006D837A /* CUChat */ = {
			isa = PBXNativeTarget;
			buildConfigurationList = 988307451EBD7BDD006D837A /* Build configuration list for PBXNativeTarget "CUChat" */;
			buildPhases = (
				76E0D2AC51659D3D7E46DF2C /* [CP] Check Pods Manifest.lock */,
				988307191EBD7BDD006D837A /* Sources */,
				9883071A1EBD7BDD006D837A /* Frameworks */,
				9883071B1EBD7BDD006D837A /* Resources */,
				56216405EBBE804D4ABD60D7 /* [CP] Embed Pods Frameworks */,
				D18245154414BA2F72B2C22F /* [CP] Copy Pods Resources */,
			);
			buildRules = (
			);
			dependencies = (
			);
			name = CUChat;
			productName = CUChat;
			productReference = 9883071D1EBD7BDD006D837A /* CUChat.app */;
			productType = "com.apple.product-type.application";
		};
		988307301EBD7BDD006D837A /* CUChatTests */ = {
			isa = PBXNativeTarget;
			buildConfigurationList = 988307481EBD7BDD006D837A /* Build configuration list for PBXNativeTarget "CUChatTests" */;
			buildPhases = (
				9883072D1EBD7BDD006D837A /* Sources */,
				9883072E1EBD7BDD006D837A /* Frameworks */,
				9883072F1EBD7BDD006D837A /* Resources */,
			);
			buildRules = (
			);
			dependencies = (
				988307331EBD7BDD006D837A /* PBXTargetDependency */,
			);
			name = CUChatTests;
			productName = CUChatTests;
			productReference = 988307311EBD7BDD006D837A /* CUChatTests.xctest */;
			productType = "com.apple.product-type.bundle.unit-test";
		};
		9883073B1EBD7BDD006D837A /* CUChatUITests */ = {
			isa = PBXNativeTarget;
			buildConfigurationList = 9883074B1EBD7BDD006D837A /* Build configuration list for PBXNativeTarget "CUChatUITests" */;
			buildPhases = (
				988307381EBD7BDD006D837A /* Sources */,
				988307391EBD7BDD006D837A /* Frameworks */,
				9883073A1EBD7BDD006D837A /* Resources */,
			);
			buildRules = (
			);
			dependencies = (
				9883073E1EBD7BDD006D837A /* PBXTargetDependency */,
			);
			name = CUChatUITests;
			productName = CUChatUITests;
			productReference = 9883073C1EBD7BDD006D837A /* CUChatUITests.xctest */;
			productType = "com.apple.product-type.bundle.ui-testing";
		};
/* End PBXNativeTarget section */

/* Begin PBXProject section */
		988307151EBD7BDD006D837A /* Project object */ = {
			isa = PBXProject;
			attributes = {
				LastSwiftUpdateCheck = 0820;
				LastUpgradeCheck = 0820;
				ORGANIZATIONNAME = "Navee Sratthatad";
				TargetAttributes = {
					9883071C1EBD7BDD006D837A = {
						CreatedOnToolsVersion = 8.2.1;
						DevelopmentTeam = 67AEU947V5;
						ProvisioningStyle = Automatic;
					};
					988307301EBD7BDD006D837A = {
						CreatedOnToolsVersion = 8.2.1;
						DevelopmentTeam = 67AEU947V5;
						ProvisioningStyle = Automatic;
						TestTargetID = 9883071C1EBD7BDD006D837A;
					};
					9883073B1EBD7BDD006D837A = {
						CreatedOnToolsVersion = 8.2.1;
						DevelopmentTeam = 67AEU947V5;
						ProvisioningStyle = Automatic;
						TestTargetID = 9883071C1EBD7BDD006D837A;
					};
				};
			};
			buildConfigurationList = 988307181EBD7BDD006D837A /* Build configuration list for PBXProject "CUChat" */;
			compatibilityVersion = "Xcode 3.2";
			developmentRegion = English;
			hasScannedForEncodings = 0;
			knownRegions = (
				en,
				Base,
			);
			mainGroup = 988307141EBD7BDD006D837A;
			productRefGroup = 9883071E1EBD7BDD006D837A /* Products */;
			projectDirPath = "";
			projectRoot = "";
			targets = (
				9883071C1EBD7BDD006D837A /* CUChat */,
				988307301EBD7BDD006D837A /* CUChatTests */,
				9883073B1EBD7BDD006D837A /* CUChatUITests */,
			);
		};
/* End PBXProject section */

/* Begin PBXResourcesBuildPhase section */
		9883071B1EBD7BDD006D837A /* Resources */ = {
			isa = PBXResourcesBuildPhase;
			buildActionMask = 2147483647;
			files = (
				9883072B1EBD7BDD006D837A /* LaunchScreen.storyboard in Resources */,
				988307281EBD7BDD006D837A /* Assets.xcassets in Resources */,
				983188D41EBDC2C400FE2820 /* Podfile in Resources */,
				988307261EBD7BDD006D837A /* Main.storyboard in Resources */,
			);
			runOnlyForDeploymentPostprocessing = 0;
		};
		9883072F1EBD7BDD006D837A /* Resources */ = {
			isa = PBXResourcesBuildPhase;
			buildActionMask = 2147483647;
			files = (
			);
			runOnlyForDeploymentPostprocessing = 0;
		};
		9883073A1EBD7BDD006D837A /* Resources */ = {
			isa = PBXResourcesBuildPhase;
			buildActionMask = 2147483647;
			files = (
			);
			runOnlyForDeploymentPostprocessing = 0;
		};
/* End PBXResourcesBuildPhase section */

/* Begin PBXShellScriptBuildPhase section */
		56216405EBBE804D4ABD60D7 /* [CP] Embed Pods Frameworks */ = {
			isa = PBXShellScriptBuildPhase;
			buildActionMask = 2147483647;
			files = (
			);
			inputPaths = (
			);
			name = "[CP] Embed Pods Frameworks";
			outputPaths = (
			);
			runOnlyForDeploymentPostprocessing = 0;
			shellPath = /bin/sh;
			shellScript = "\"${SRCROOT}/Pods/Target Support Files/Pods-CUChat/Pods-CUChat-frameworks.sh\"\n";
			showEnvVarsInLog = 0;
		};
		76E0D2AC51659D3D7E46DF2C /* [CP] Check Pods Manifest.lock */ = {
			isa = PBXShellScriptBuildPhase;
			buildActionMask = 2147483647;
			files = (
			);
			inputPaths = (
			);
			name = "[CP] Check Pods Manifest.lock";
			outputPaths = (
			);
			runOnlyForDeploymentPostprocessing = 0;
			shellPath = /bin/sh;
			shellScript = "diff \"${PODS_PODFILE_DIR_PATH}/Podfile.lock\" \"${PODS_ROOT}/Manifest.lock\" > /dev/null\nif [ $? != 0 ] ; then\n    # print error to STDERR\n    echo \"error: The sandbox is not in sync with the Podfile.lock. Run 'pod install' or update your CocoaPods installation.\" >&2\n    exit 1\nfi\n";
			showEnvVarsInLog = 0;
		};
		D18245154414BA2F72B2C22F /* [CP] Copy Pods Resources */ = {
			isa = PBXShellScriptBuildPhase;
			buildActionMask = 2147483647;
			files = (
			);
			inputPaths = (
			);
			name = "[CP] Copy Pods Resources";
			outputPaths = (
			);
			runOnlyForDeploymentPostprocessing = 0;
			shellPath = /bin/sh;
			shellScript = "\"${SRCROOT}/Pods/Target Support Files/Pods-CUChat/Pods-CUChat-resources.sh\"\n";
			showEnvVarsInLog = 0;
		};
/* End PBXShellScriptBuildPhase section */

/* Begin PBXSourcesBuildPhase section */
		988307191EBD7BDD006D837A /* Sources */ = {
			isa = PBXSourcesBuildPhase;
			buildActionMask = 2147483647;
			files = (
				981E78441EBF0374004357E8 /* Contact.swift in Sources */,
				981E78421EBF0040004357E8 /* CuDatabase.swift in Sources */,
				988307231EBD7BDD006D837A /* ViewController.swift in Sources */,
				981E78481EBF212E004357E8 /* ChatViewController.swift in Sources */,
				983188D61EBDD64400FE2820 /* TableViewController.swift in Sources */,
				988307211EBD7BDD006D837A /* AppDelegate.swift in Sources */,
				98F1ABB41EBE161E001C2F14 /* SearchTableViewController.swift in Sources */,
			);
			runOnlyForDeploymentPostprocessing = 0;
		};
		9883072D1EBD7BDD006D837A /* Sources */ = {
			isa = PBXSourcesBuildPhase;
			buildActionMask = 2147483647;
			files = (
				988307361EBD7BDD006D837A /* CUChatTests.swift in Sources */,
			);
			runOnlyForDeploymentPostprocessing = 0;
		};
		988307381EBD7BDD006D837A /* Sources */ = {
			isa = PBXSourcesBuildPhase;
			buildActionMask = 2147483647;
			files = (
				988307411EBD7BDD006D837A /* CUChatUITests.swift in Sources */,
			);
			runOnlyForDeploymentPostprocessing = 0;
		};
/* End PBXSourcesBuildPhase section */

/* Begin PBXTargetDependency section */
		988307331EBD7BDD006D837A /* PBXTargetDependency */ = {
			isa = PBXTargetDependency;
			target = 9883071C1EBD7BDD006D837A /* CUChat */;
			targetProxy = 988307321EBD7BDD006D837A /* PBXContainerItemProxy */;
		};
		9883073E1EBD7BDD006D837A /* PBXTargetDependency */ = {
			isa = PBXTargetDependency;
			target = 9883071C1EBD7BDD006D837A /* CUChat */;
			targetProxy = 9883073D1EBD7BDD006D837A /* PBXContainerItemProxy */;
		};
/* End PBXTargetDependency section */

/* Begin PBXVariantGroup section */
		988307241EBD7BDD006D837A /* Main.storyboard */ = {
			isa = PBXVariantGroup;
			children = (
				988307251EBD7BDD006D837A /* Base */,
			);
			name = Main.storyboard;
			sourceTree = "<group>";
		};
		988307291EBD7BDD006D837A /* LaunchScreen.storyboard */ = {
			isa = PBXVariantGroup;
			children = (
				9883072A1EBD7BDD006D837A /* Base */,
			);
			name = LaunchScreen.storyboard;
			sourceTree = "<group>";
		};
/* End PBXVariantGroup section */

/* Begin XCBuildConfiguration section */
		988307431EBD7BDD006D837A /* Debug */ = {
			isa = XCBuildConfiguration;
			buildSettings = {
				ALWAYS_SEARCH_USER_PATHS = NO;
				CLANG_ANALYZER_NONNULL = YES;
				CLANG_CXX_LANGUAGE_STANDARD = "gnu++0x";
				CLANG_CXX_LIBRARY = "libc++";
				CLANG_ENABLE_MODULES = YES;
				CLANG_ENABLE_OBJC_ARC = YES;
				CLANG_WARN_BOOL_CONVERSION = YES;
				CLANG_WARN_CONSTANT_CONVERSION = YES;
				CLANG_WARN_DIRECT_OBJC_ISA_USAGE = YES_ERROR;
				CLANG_WARN_DOCUMENTATION_COMMENTS = YES;
				CLANG_WARN_EMPTY_BODY = YES;
				CLANG_WARN_ENUM_CONVERSION = YES;
				CLANG_WARN_INFINITE_RECURSION = YES;
				CLANG_WARN_INT_CONVERSION = YES;
				CLANG_WARN_OBJC_ROOT_CLASS = YES_ERROR;
				CLANG_WARN_SUSPICIOUS_MOVE = YES;
				CLANG_WARN_UNREACHABLE_CODE = YES;
				CLANG_WARN__DUPLICATE_METHOD_MATCH = YES;
				"CODE_SIGN_IDENTITY[sdk=iphoneos*]" = "iPhone Developer";
				COPY_PHASE_STRIP = NO;
				DEBUG_INFORMATION_FORMAT = dwarf;
				ENABLE_STRICT_OBJC_MSGSEND = YES;
				ENABLE_TESTABILITY = YES;
				GCC_C_LANGUAGE_STANDARD = gnu99;
				GCC_DYNAMIC_NO_PIC = NO;
				GCC_NO_COMMON_BLOCKS = YES;
				GCC_OPTIMIZATION_LEVEL = 0;
				GCC_PREPROCESSOR_DEFINITIONS = (
					"DEBUG=1",
					"$(inherited)",
				);
				GCC_WARN_64_TO_32_BIT_CONVERSION = YES;
				GCC_WARN_ABOUT_RETURN_TYPE = YES_ERROR;
				GCC_WARN_UNDECLARED_SELECTOR = YES;
				GCC_WARN_UNINITIALIZED_AUTOS = YES_AGGRESSIVE;
				GCC_WARN_UNUSED_FUNCTION = YES;
				GCC_WARN_UNUSED_VARIABLE = YES;
				IPHONEOS_DEPLOYMENT_TARGET = 10.2;
				MTL_ENABLE_DEBUG_INFO = YES;
				ONLY_ACTIVE_ARCH = YES;
				SDKROOT = iphoneos;
				SWIFT_ACTIVE_COMPILATION_CONDITIONS = DEBUG;
				SWIFT_OPTIMIZATION_LEVEL = "-Onone";
			};
			name = Debug;
		};
		988307441EBD7BDD006D837A /* Release */ = {
			isa = XCBuildConfiguration;
			buildSettings = {
				ALWAYS_SEARCH_USER_PATHS = NO;
				CLANG_ANALYZER_NONNULL = YES;
				CLANG_CXX_LANGUAGE_STANDARD = "gnu++0x";
				CLANG_CXX_LIBRARY = "libc++";
				CLANG_ENABLE_MODULES = YES;
				CLANG_ENABLE_OBJC_ARC = YES;
				CLANG_WARN_BOOL_CONVERSION = YES;
				CLANG_WARN_CONSTANT_CONVERSION = YES;
				CLANG_WARN_DIRECT_OBJC_ISA_USAGE = YES_ERROR;
				CLANG_WARN_DOCUMENTATION_COMMENTS = YES;
				CLANG_WARN_EMPTY_BODY = YES;
				CLANG_WARN_ENUM_CONVERSION = YES;
				CLANG_WARN_INFINITE_RECURSION = YES;
				CLANG_WARN_INT_CONVERSION = YES;
				CLANG_WARN_OBJC_ROOT_CLASS = YES_ERROR;
				CLANG_WARN_SUSPICIOUS_MOVE = YES;
				CLANG_WARN_UNREACHABLE_CODE = YES;
				CLANG_WARN__DUPLICATE_METHOD_MATCH = YES;
				"CODE_SIGN_IDENTITY[sdk=iphoneos*]" = "iPhone Developer";
				COPY_PHASE_STRIP = NO;
				DEBUG_INFORMATION_FORMAT = "dwarf-with-dsym";
				ENABLE_NS_ASSERTIONS = NO;
				ENABLE_STRICT_OBJC_MSGSEND = YES;
				GCC_C_LANGUAGE_STANDARD = gnu99;
				GCC_NO_COMMON_BLOCKS = YES;
				GCC_WARN_64_TO_32_BIT_CONVERSION = YES;
				GCC_WARN_ABOUT_RETURN_TYPE = YES_ERROR;
				GCC_WARN_UNDECLARED_SELECTOR = YES;
				GCC_WARN_UNINITIALIZED_AUTOS = YES_AGGRESSIVE;
				GCC_WARN_UNUSED_FUNCTION = YES;
				GCC_WARN_UNUSED_VARIABLE = YES;
				IPHONEOS_DEPLOYMENT_TARGET = 10.2;
				MTL_ENABLE_DEBUG_INFO = NO;
				SDKROOT = iphoneos;
				SWIFT_OPTIMIZATION_LEVEL = "-Owholemodule";
				VALIDATE_PRODUCT = YES;
			};
			name = Release;
		};
		988307461EBD7BDD006D837A /* Debug */ = {
			isa = XCBuildConfiguration;
			baseConfigurationReference = 1095DE4E351643A0BE634293 /* Pods-CUChat.debug.xcconfig */;
			buildSettings = {
				ASSETCATALOG_COMPILER_APPICON_NAME = AppIcon;
				DEVELOPMENT_TEAM = 67AEU947V5;
				FRAMEWORK_SEARCH_PATHS = (
					"$(inherited)",
					"$(PROJECT_DIR)/build/Release-iphoneos/Alamofire",
					"$(PROJECT_DIR)/build/Release-iphoneos/SQLite.swift",
					"$(PROJECT_DIR)/build/Release-iphoneos/SwiftyJSON",
				);
				INFOPLIST_FILE = CUChat/Info.plist;
				LD_RUNPATH_SEARCH_PATHS = "$(inherited) @executable_path/Frameworks";
				PRODUCT_BUNDLE_IDENTIFIER = n4ve.xyz.CUChat;
				PRODUCT_NAME = "$(TARGET_NAME)";
				SWIFT_VERSION = 3.0;
			};
			name = Debug;
		};
		988307471EBD7BDD006D837A /* Release */ = {
			isa = XCBuildConfiguration;
			baseConfigurationReference = 946A3B8ED6F44EB7186990DD /* Pods-CUChat.release.xcconfig */;
			buildSettings = {
				ASSETCATALOG_COMPILER_APPICON_NAME = AppIcon;
				DEVELOPMENT_TEAM = 67AEU947V5;
				FRAMEWORK_SEARCH_PATHS = (
					"$(inherited)",
					"$(PROJECT_DIR)/build/Release-iphoneos/Alamofire",
					"$(PROJECT_DIR)/build/Release-iphoneos/SQLite.swift",
					"$(PROJECT_DIR)/build/Release-iphoneos/SwiftyJSON",
				);
				INFOPLIST_FILE = CUChat/Info.plist;
				LD_RUNPATH_SEARCH_PATHS = "$(inherited) @executable_path/Frameworks";
				PRODUCT_BUNDLE_IDENTIFIER = n4ve.xyz.CUChat;
				PRODUCT_NAME = "$(TARGET_NAME)";
				SWIFT_VERSION = 3.0;
			};
			name = Release;
		};
		988307491EBD7BDD006D837A /* Debug */ = {
			isa = XCBuildConfiguration;
			buildSettings = {
				ALWAYS_EMBED_SWIFT_STANDARD_LIBRARIES = YES;
				BUNDLE_LOADER = "$(TEST_HOST)";
				DEVELOPMENT_TEAM = 67AEU947V5;
				INFOPLIST_FILE = CUChatTests/Info.plist;
				LD_RUNPATH_SEARCH_PATHS = "$(inherited) @executable_path/Frameworks @loader_path/Frameworks";
				PRODUCT_BUNDLE_IDENTIFIER = n4ve.xyz.CUChatTests;
				PRODUCT_NAME = "$(TARGET_NAME)";
				SWIFT_VERSION = 3.0;
				TEST_HOST = "$(BUILT_PRODUCTS_DIR)/CUChat.app/CUChat";
			};
			name = Debug;
		};
		9883074A1EBD7BDD006D837A /* Release */ = {
			isa = XCBuildConfiguration;
			buildSettings = {
				ALWAYS_EMBED_SWIFT_STANDARD_LIBRARIES = YES;
				BUNDLE_LOADER = "$(TEST_HOST)";
				DEVELOPMENT_TEAM = 67AEU947V5;
				INFOPLIST_FILE = CUChatTests/Info.plist;
				LD_RUNPATH_SEARCH_PATHS = "$(inherited) @executable_path/Frameworks @loader_path/Frameworks";
				PRODUCT_BUNDLE_IDENTIFIER = n4ve.xyz.CUChatTests;
				PRODUCT_NAME = "$(TARGET_NAME)";
				SWIFT_VERSION = 3.0;
				TEST_HOST = "$(BUILT_PRODUCTS_DIR)/CUChat.app/CUChat";
			};
			name = Release;
		};
		9883074C1EBD7BDD006D837A /* Debug */ = {
			isa = XCBuildConfiguration;
			buildSettings = {
				ALWAYS_EMBED_SWIFT_STANDARD_LIBRARIES = YES;
				DEVELOPMENT_TEAM = 67AEU947V5;
				INFOPLIST_FILE = CUChatUITests/Info.plist;
				LD_RUNPATH_SEARCH_PATHS = "$(inherited) @executable_path/Frameworks @loader_path/Frameworks";
				PRODUCT_BUNDLE_IDENTIFIER = n4ve.xyz.CUChatUITests;
				PRODUCT_NAME = "$(TARGET_NAME)";
				SWIFT_VERSION = 3.0;
				TEST_TARGET_NAME = CUChat;
			};
			name = Debug;
		};
		9883074D1EBD7BDD006D837A /* Release */ = {
			isa = XCBuildConfiguration;
			buildSettings = {
				ALWAYS_EMBED_SWIFT_STANDARD_LIBRARIES = YES;
				DEVELOPMENT_TEAM = 67AEU947V5;
				INFOPLIST_FILE = CUChatUITests/Info.plist;
				LD_RUNPATH_SEARCH_PATHS = "$(inherited) @executable_path/Frameworks @loader_path/Frameworks";
				PRODUCT_BUNDLE_IDENTIFIER = n4ve.xyz.CUChatUITests;
				PRODUCT_NAME = "$(TARGET_NAME)";
				SWIFT_VERSION = 3.0;
				TEST_TARGET_NAME = CUChat;
			};
			name = Release;
		};
/* End XCBuildConfiguration section */

/* Begin XCConfigurationList section */
		988307181EBD7BDD006D837A /* Build configuration list for PBXProject "CUChat" */ = {
			isa = XCConfigurationList;
			buildConfigurations = (
				988307431EBD7BDD006D837A /* Debug */,
				988307441EBD7BDD006D837A /* Release */,
			);
			defaultConfigurationIsVisible = 0;
			defaultConfigurationName = Release;
		};
		988307451EBD7BDD006D837A /* Build configuration list for PBXNativeTarget "CUChat" */ = {
			isa = XCConfigurationList;
			buildConfigurations = (
				988307461EBD7BDD006D837A /* Debug */,
				988307471EBD7BDD006D837A /* Release */,
			);
			defaultConfigurationIsVisible = 0;
			defaultConfigurationName = Release;
		};
		988307481EBD7BDD006D837A /* Build configuration list for PBXNativeTarget "CUChatTests" */ = {
			isa = XCConfigurationList;
			buildConfigurations = (
				988307491EBD7BDD006D837A /* Debug */,
				9883074A1EBD7BDD006D837A /* Release */,
			);
			defaultConfigurationIsVisible = 0;
			defaultConfigurationName = Release;
		};
		9883074B1EBD7BDD006D837A /* Build configuration list for PBXNativeTarget "CUChatUITests" */ = {
			isa = XCConfigurationList;
			buildConfigurations = (
				9883074C1EBD7BDD006D837A /* Debug */,
				9883074D1EBD7BDD006D837A /* Release */,
			);
			defaultConfigurationIsVisible = 0;
			defaultConfigurationName = Release;
		};
/* End XCConfigurationList section */
	};
	rootObject = 988307151EBD7BDD006D837A /* Project object */;
}
